
Microsoft Visual Studio Solution File, Format Version 12.00
# Visual Studio 15
VisualStudioVersion = 15.0.28307.1300
MinimumVisualStudioVersion = 10.0.40219.1
Project("{FAE04EC0-301F-11D3-BF4B-00C04F79EFBC}") = "TimKhoa", "TimKhoa\TimKhoa.csproj", "{E76EB3AB-A351-4342-8D8B-08A63A20C001}"
EndProject
Project("{54435603-DBB4-11D2-8724-00A0C9A8B90C}") = "Dichchuyen", "Dichchuyen\Dichchuyen.vdproj", "{DF58BB3B-5A2B-4B75-AE66-016378DFA559}"
EndProject
Global
	GlobalSection(SolutionConfigurationPlatforms) = preSolution
		Debug|Any CPU = Debug|Any CPU
		Release|Any CPU = Release|Any CPU
	EndGlobalSection
	GlobalSection(ProjectConfigurationPlatforms) = postSolution
		{E76EB3AB-A351-4342-8D8B-08A63A20C001}.Debug|Any CPU.ActiveCfg = Debug|Any CPU
		{E76EB3AB-A351-4342-8D8B-08A63A20C001}.Debug|Any CPU.Build.0 = Debug|Any CPU
		{E76EB3AB-A351-4342-8D8B-08A63A20C001}.Release|Any CPU.ActiveCfg = Release|Any CPU
		{E76EB3AB-A351-4342-8D8B-08A63A20C001}.Release|Any CPU.Build.0 = Release|Any CPU
		{DF58BB3B-5A2B-4B75-AE66-016378DFA559}.Debug|Any CPU.ActiveCfg = Debug
		{DF58BB3B-5A2B-4B75-AE66-016378DFA559}.Release|Any CPU.ActiveCfg = Release
	EndGlobalSection
	GlobalSection(SolutionProperties) = preSolution
		HideSolutionNode = FALSE
	EndGlobalSection
	GlobalSection(ExtensibilityGlobals) = postSolution
		SolutionGuid = {DF8FA6D1-AFE5-448F-8182-A5D61EEC3008}
	EndGlobalSection
EndGlobal
